
Microsoft Visual Studio Solution File, Format Version 12.00
# Visual Studio Version 17
VisualStudioVersion = 17.11.35222.181
MinimumVisualStudioVersion = 10.0.40219.1
Project("{FAE04EC0-301F-11D3-BF4B-00C04F79EFBC}") = "Practicheskaya_1", "Practicheskaya_1\Practicheskaya_1.csproj", "{D3C27695-215B-4A0E-A50C-F4356FB1FDCA}"
EndProject
Global
	GlobalSection(SolutionConfigurationPlatforms) = preSolution
		Debug|Any CPU = Debug|Any CPU
		Release|Any CPU = Release|Any CPU
	EndGlobalSection
	GlobalSection(ProjectConfigurationPlatforms) = postSolution
		{D3C27695-215B-4A0E-A50C-F4356FB1FDCA}.Debug|Any CPU.ActiveCfg = Debug|Any CPU
		{D3C27695-215B-4A0E-A50C-F4356FB1FDCA}.Debug|Any CPU.Build.0 = Debug|Any CPU
		{D3C27695-215B-4A0E-A50C-F4356FB1FDCA}.Release|Any CPU.ActiveCfg = Release|Any CPU
		{D3C27695-215B-4A0E-A50C-F4356FB1FDCA}.Release|Any CPU.Build.0 = Release|Any CPU
	EndGlobalSection
	GlobalSection(SolutionProperties) = preSolution
		HideSolutionNode = FALSE
	EndGlobalSection
	GlobalSection(ExtensibilityGlobals) = postSolution
		SolutionGuid = {E7CEE281-3DDB-4063-9EB6-2FC2D7746355}
	EndGlobalSection
EndGlobal
